
Microsoft Visual Studio Solution File, Format Version 12.00
# Visual Studio Version 17
VisualStudioVersion = 17.12.35527.113
MinimumVisualStudioVersion = 10.0.40219.1
Project("{2150E333-8FDC-42A3-9474-1A3956D46DE8}") = "Solution Items", "Solution Items", "{1B4648C7-B337-459B-B866-B3960DEBFCE3}"
	ProjectSection(SolutionItems) = preProject
		.editorconfig = .editorconfig
		.gitignore = .gitignore
		Directory.Build.props = Directory.Build.props
		README.md = README.md
	EndProjectSection
EndProject
Project("{2150E333-8FDC-42A3-9474-1A3956D46DE8}") = "src", "src", "{16745C1B-CED0-425C-B82F-348143EB80F6}"
EndProject
Project("{2150E333-8FDC-42A3-9474-1A3956D46DE8}") = "API", "API", "{69FAD429-13B5-4C65-A44A-6FEFCBA79646}"
EndProject
Project("{2150E333-8FDC-42A3-9474-1A3956D46DE8}") = "Modules", "Modules", "{071D3470-6F03-41AF-BC56-853D31974B19}"
EndProject
Project("{2150E333-8FDC-42A3-9474-1A3956D46DE8}") = "Occasions", "Occasions", "{EC148787-A163-4D17-B7B7-5676E9CBC8EB}"
EndProject
Project("{FAE04EC0-301F-11D3-BF4B-00C04F79EFBC}") = "TempusHive.Api", "src\API\TempusHive.Api\TempusHive.Api.csproj", "{275CDE30-EC22-429F-AAA3-7B56876F9B68}"
EndProject
Project("{E53339B2-1760-4266-BCC7-CA923CBCF16C}") = "docker-compose", "docker-compose.dcproj", "{7AD118CB-CD2E-46C5-B2C8-C9539C71FD3D}"
EndProject
Project("{FAE04EC0-301F-11D3-BF4B-00C04F79EFBC}") = "TempusHive.Modules.Occasions.Domain", "TempusHive.Modules.Occasions.Domain\TempusHive.Modules.Occasions.Domain.csproj", "{1106A5BB-8C4E-4FF4-A75A-60A4A3F228DC}"
EndProject
Project("{FAE04EC0-301F-11D3-BF4B-00C04F79EFBC}") = "TempusHive.Modules.Occasions.Application", "TempusHive.Modules.Occasions.Application\TempusHive.Modules.Occasions.Application.csproj", "{0A9BD8CD-5497-4B86-8793-CB4CF58AD931}"
EndProject
Project("{FAE04EC0-301F-11D3-BF4B-00C04F79EFBC}") = "TempusHive.Modules.Occasions.Infrastructure", "TempusHive.Modules.Occasions.Infrastructure\TempusHive.Modules.Occasions.Infrastructure.csproj", "{9A4FE77A-09D4-44CB-9F04-4988411B4482}"
EndProject
Project("{FAE04EC0-301F-11D3-BF4B-00C04F79EFBC}") = "TempusHive.Modules.Occasions.Presentation", "TempusHive.Modules.Occasions.Presentation\TempusHive.Modules.Occasions.Presentation.csproj", "{713C65ED-A4E6-4CDC-A2A6-DD09B4953A1C}"
EndProject
Global
	GlobalSection(SolutionConfigurationPlatforms) = preSolution
		Debug|Any CPU = Debug|Any CPU
		Release|Any CPU = Release|Any CPU
	EndGlobalSection
	GlobalSection(ProjectConfigurationPlatforms) = postSolution
		{275CDE30-EC22-429F-AAA3-7B56876F9B68}.Debug|Any CPU.ActiveCfg = Debug|Any CPU
		{275CDE30-EC22-429F-AAA3-7B56876F9B68}.Debug|Any CPU.Build.0 = Debug|Any CPU
		{275CDE30-EC22-429F-AAA3-7B56876F9B68}.Release|Any CPU.ActiveCfg = Release|Any CPU
		{275CDE30-EC22-429F-AAA3-7B56876F9B68}.Release|Any CPU.Build.0 = Release|Any CPU
		{7AD118CB-CD2E-46C5-B2C8-C9539C71FD3D}.Debug|Any CPU.ActiveCfg = Debug|Any CPU
		{7AD118CB-CD2E-46C5-B2C8-C9539C71FD3D}.Debug|Any CPU.Build.0 = Debug|Any CPU
		{7AD118CB-CD2E-46C5-B2C8-C9539C71FD3D}.Release|Any CPU.ActiveCfg = Release|Any CPU
		{7AD118CB-CD2E-46C5-B2C8-C9539C71FD3D}.Release|Any CPU.Build.0 = Release|Any CPU
		{1106A5BB-8C4E-4FF4-A75A-60A4A3F228DC}.Debug|Any CPU.ActiveCfg = Debug|Any CPU
		{1106A5BB-8C4E-4FF4-A75A-60A4A3F228DC}.Debug|Any CPU.Build.0 = Debug|Any CPU
		{1106A5BB-8C4E-4FF4-A75A-60A4A3F228DC}.Release|Any CPU.ActiveCfg = Release|Any CPU
		{1106A5BB-8C4E-4FF4-A75A-60A4A3F228DC}.Release|Any CPU.Build.0 = Release|Any CPU
		{0A9BD8CD-5497-4B86-8793-CB4CF58AD931}.Debug|Any CPU.ActiveCfg = Debug|Any CPU
		{0A9BD8CD-5497-4B86-8793-CB4CF58AD931}.Debug|Any CPU.Build.0 = Debug|Any CPU
		{0A9BD8CD-5497-4B86-8793-CB4CF58AD931}.Release|Any CPU.ActiveCfg = Release|Any CPU
		{0A9BD8CD-5497-4B86-8793-CB4CF58AD931}.Release|Any CPU.Build.0 = Release|Any CPU
		{9A4FE77A-09D4-44CB-9F04-4988411B4482}.Debug|Any CPU.ActiveCfg = Debug|Any CPU
		{9A4FE77A-09D4-44CB-9F04-4988411B4482}.Debug|Any CPU.Build.0 = Debug|Any CPU
		{9A4FE77A-09D4-44CB-9F04-4988411B4482}.Release|Any CPU.ActiveCfg = Release|Any CPU
		{9A4FE77A-09D4-44CB-9F04-4988411B4482}.Release|Any CPU.Build.0 = Release|Any CPU
		{713C65ED-A4E6-4CDC-A2A6-DD09B4953A1C}.Debug|Any CPU.ActiveCfg = Debug|Any CPU
		{713C65ED-A4E6-4CDC-A2A6-DD09B4953A1C}.Debug|Any CPU.Build.0 = Debug|Any CPU
		{713C65ED-A4E6-4CDC-A2A6-DD09B4953A1C}.Release|Any CPU.ActiveCfg = Release|Any CPU
		{713C65ED-A4E6-4CDC-A2A6-DD09B4953A1C}.Release|Any CPU.Build.0 = Release|Any CPU
	EndGlobalSection
	GlobalSection(SolutionProperties) = preSolution
		HideSolutionNode = FALSE
	EndGlobalSection
	GlobalSection(NestedProjects) = preSolution
		{69FAD429-13B5-4C65-A44A-6FEFCBA79646} = {16745C1B-CED0-425C-B82F-348143EB80F6}
		{071D3470-6F03-41AF-BC56-853D31974B19} = {16745C1B-CED0-425C-B82F-348143EB80F6}
		{EC148787-A163-4D17-B7B7-5676E9CBC8EB} = {071D3470-6F03-41AF-BC56-853D31974B19}
		{275CDE30-EC22-429F-AAA3-7B56876F9B68} = {69FAD429-13B5-4C65-A44A-6FEFCBA79646}
		{1106A5BB-8C4E-4FF4-A75A-60A4A3F228DC} = {EC148787-A163-4D17-B7B7-5676E9CBC8EB}
		{0A9BD8CD-5497-4B86-8793-CB4CF58AD931} = {EC148787-A163-4D17-B7B7-5676E9CBC8EB}
		{9A4FE77A-09D4-44CB-9F04-4988411B4482} = {EC148787-A163-4D17-B7B7-5676E9CBC8EB}
		{713C65ED-A4E6-4CDC-A2A6-DD09B4953A1C} = {EC148787-A163-4D17-B7B7-5676E9CBC8EB}
	EndGlobalSection
EndGlobal
